
Microsoft Visual Studio Solution File, Format Version 12.00
# Visual Studio 14
VisualStudioVersion = 14.0.25123.0
MinimumVisualStudioVersion = 10.0.40219.1
Project("{2150E333-8FDC-42A3-9474-1A3956D46DE8}") = "2-Domain", "2-Domain", "{B5F63F1D-B364-4760-AD22-59EBE86617E9}"
EndProject
Project("{2150E333-8FDC-42A3-9474-1A3956D46DE8}") = "0-Infrastructure", "0-Infrastructure", "{97034044-00E2-46BB-BFE7-9283D49E8877}"
EndProject
Project("{2150E333-8FDC-42A3-9474-1A3956D46DE8}") = "3-Service", "3-Service", "{A9350902-BA47-4E05-A9E5-BEB522F09135}"
EndProject
Project("{2150E333-8FDC-42A3-9474-1A3956D46DE8}") = "4-Presentation", "4-Presentation", "{1B59F44F-720C-4C21-8ACA-D1BD0B596716}"
EndProject
Project("{2150E333-8FDC-42A3-9474-1A3956D46DE8}") = "Test", "Test", "{2788BAD5-7D77-4ED1-A8CD-B0030ED65C0A}"
EndProject
Project("{2150E333-8FDC-42A3-9474-1A3956D46DE8}") = "Spec", "Spec", "{1E4DBDCF-B187-41DA-BE64-CD3693D7E838}"
EndProject
Project("{FAE04EC0-301F-11D3-BF4B-00C04F79EFBC}") = "Domain.Entity", "Domain.Entity\Domain.Entity.csproj", "{3F5B4E32-3CE7-4BA4-9C64-ACF44688E583}"
EndProject
Project("{FAE04EC0-301F-11D3-BF4B-00C04F79EFBC}") = "Data.Context", "Persistence.Context\Data.Context.csproj", "{CC160A5B-DC30-4A98-AB20-034B3FD65539}"
EndProject
Project("{2150E333-8FDC-42A3-9474-1A3956D46DE8}") = "1-Data", "1-Data", "{ECA59D6B-9387-402C-905E-BCAF77B529CA}"
EndProject
Project("{FAE04EC0-301F-11D3-BF4B-00C04F79EFBC}") = "Data.Repository", "Data.Repository\Data.Repository.csproj", "{28D75D87-D992-45F4-BA38-EE9B1D73027A}"
EndProject
Project("{FAE04EC0-301F-11D3-BF4B-00C04F79EFBC}") = "Domain.Model", "Domain.Model\Domain.Model.csproj", "{FEF28536-82B2-4756-931B-80B518CF8110}"
EndProject
Project("{FAE04EC0-301F-11D3-BF4B-00C04F79EFBC}") = "Service.WebApi", "Service.WebApi\Service.WebApi.csproj", "{A60C7E62-D594-424C-8E2E-24F652EA8827}"
EndProject
Project("{FAE04EC0-301F-11D3-BF4B-00C04F79EFBC}") = "Presentation.Wpf", "Presentation.Wpf\Presentation.Wpf.csproj", "{F12D6313-7175-49DF-9326-9813B178D720}"
EndProject
Project("{FAE04EC0-301F-11D3-BF4B-00C04F79EFBC}") = "Service.WebApi.Client", "Service.WebApi.Client\Service.WebApi.Client.csproj", "{16D53F2D-46D8-4F85-8A45-74720E663359}"
EndProject
Project("{8BB2217D-0F2D-49D1-97BC-3654ED321F3B}") = "Presentation.Web", "Presentation.Web\Presentation.Web.xproj", "{7CE43CD2-9C0A-4D14-99EB-C3C79BEB145B}"
EndProject
Global
	GlobalSection(SolutionConfigurationPlatforms) = preSolution
		Debug|Any CPU = Debug|Any CPU
		Release|Any CPU = Release|Any CPU
	EndGlobalSection
	GlobalSection(ProjectConfigurationPlatforms) = postSolution
		{3F5B4E32-3CE7-4BA4-9C64-ACF44688E583}.Debug|Any CPU.ActiveCfg = Debug|Any CPU
		{3F5B4E32-3CE7-4BA4-9C64-ACF44688E583}.Debug|Any CPU.Build.0 = Debug|Any CPU
		{3F5B4E32-3CE7-4BA4-9C64-ACF44688E583}.Release|Any CPU.ActiveCfg = Release|Any CPU
		{3F5B4E32-3CE7-4BA4-9C64-ACF44688E583}.Release|Any CPU.Build.0 = Release|Any CPU
		{CC160A5B-DC30-4A98-AB20-034B3FD65539}.Debug|Any CPU.ActiveCfg = Debug|Any CPU
		{CC160A5B-DC30-4A98-AB20-034B3FD65539}.Debug|Any CPU.Build.0 = Debug|Any CPU
		{CC160A5B-DC30-4A98-AB20-034B3FD65539}.Release|Any CPU.ActiveCfg = Release|Any CPU
		{CC160A5B-DC30-4A98-AB20-034B3FD65539}.Release|Any CPU.Build.0 = Release|Any CPU
		{28D75D87-D992-45F4-BA38-EE9B1D73027A}.Debug|Any CPU.ActiveCfg = Debug|Any CPU
		{28D75D87-D992-45F4-BA38-EE9B1D73027A}.Debug|Any CPU.Build.0 = Debug|Any CPU
		{28D75D87-D992-45F4-BA38-EE9B1D73027A}.Release|Any CPU.ActiveCfg = Release|Any CPU
		{28D75D87-D992-45F4-BA38-EE9B1D73027A}.Release|Any CPU.Build.0 = Release|Any CPU
		{FEF28536-82B2-4756-931B-80B518CF8110}.Debug|Any CPU.ActiveCfg = Debug|Any CPU
		{FEF28536-82B2-4756-931B-80B518CF8110}.Debug|Any CPU.Build.0 = Debug|Any CPU
		{FEF28536-82B2-4756-931B-80B518CF8110}.Release|Any CPU.ActiveCfg = Release|Any CPU
		{FEF28536-82B2-4756-931B-80B518CF8110}.Release|Any CPU.Build.0 = Release|Any CPU
		{A60C7E62-D594-424C-8E2E-24F652EA8827}.Debug|Any CPU.ActiveCfg = Debug|Any CPU
		{A60C7E62-D594-424C-8E2E-24F652EA8827}.Debug|Any CPU.Build.0 = Debug|Any CPU
		{A60C7E62-D594-424C-8E2E-24F652EA8827}.Release|Any CPU.ActiveCfg = Release|Any CPU
		{A60C7E62-D594-424C-8E2E-24F652EA8827}.Release|Any CPU.Build.0 = Release|Any CPU
		{F12D6313-7175-49DF-9326-9813B178D720}.Debug|Any CPU.ActiveCfg = Debug|Any CPU
		{F12D6313-7175-49DF-9326-9813B178D720}.Debug|Any CPU.Build.0 = Debug|Any CPU
		{F12D6313-7175-49DF-9326-9813B178D720}.Release|Any CPU.ActiveCfg = Release|Any CPU
		{F12D6313-7175-49DF-9326-9813B178D720}.Release|Any CPU.Build.0 = Release|Any CPU
		{16D53F2D-46D8-4F85-8A45-74720E663359}.Debug|Any CPU.ActiveCfg = Debug|Any CPU
		{16D53F2D-46D8-4F85-8A45-74720E663359}.Debug|Any CPU.Build.0 = Debug|Any CPU
		{16D53F2D-46D8-4F85-8A45-74720E663359}.Release|Any CPU.ActiveCfg = Release|Any CPU
		{16D53F2D-46D8-4F85-8A45-74720E663359}.Release|Any CPU.Build.0 = Release|Any CPU
		{7CE43CD2-9C0A-4D14-99EB-C3C79BEB145B}.Debug|Any CPU.ActiveCfg = Debug|Any CPU
		{7CE43CD2-9C0A-4D14-99EB-C3C79BEB145B}.Debug|Any CPU.Build.0 = Debug|Any CPU
		{7CE43CD2-9C0A-4D14-99EB-C3C79BEB145B}.Release|Any CPU.ActiveCfg = Release|Any CPU
		{7CE43CD2-9C0A-4D14-99EB-C3C79BEB145B}.Release|Any CPU.Build.0 = Release|Any CPU
	EndGlobalSection
	GlobalSection(SolutionProperties) = preSolution
		HideSolutionNode = FALSE
	EndGlobalSection
	GlobalSection(NestedProjects) = preSolution
		{3F5B4E32-3CE7-4BA4-9C64-ACF44688E583} = {B5F63F1D-B364-4760-AD22-59EBE86617E9}
		{CC160A5B-DC30-4A98-AB20-034B3FD65539} = {ECA59D6B-9387-402C-905E-BCAF77B529CA}
		{28D75D87-D992-45F4-BA38-EE9B1D73027A} = {ECA59D6B-9387-402C-905E-BCAF77B529CA}
		{FEF28536-82B2-4756-931B-80B518CF8110} = {B5F63F1D-B364-4760-AD22-59EBE86617E9}
		{A60C7E62-D594-424C-8E2E-24F652EA8827} = {A9350902-BA47-4E05-A9E5-BEB522F09135}
		{F12D6313-7175-49DF-9326-9813B178D720} = {1B59F44F-720C-4C21-8ACA-D1BD0B596716}
		{16D53F2D-46D8-4F85-8A45-74720E663359} = {A9350902-BA47-4E05-A9E5-BEB522F09135}
		{7CE43CD2-9C0A-4D14-99EB-C3C79BEB145B} = {1B59F44F-720C-4C21-8ACA-D1BD0B596716}
	EndGlobalSection
EndGlobal
